
Microsoft Visual Studio Solution File, Format Version 12.00
Project("{FAE04EC0-301F-11D3-BF4B-00C04F79EFBC}") = "Marketplace", "Marketplace\Marketplace.csproj", "{A871249D-9A09-4A7C-9738-9376FAC08721}"
EndProject
Global
	GlobalSection(SolutionConfigurationPlatforms) = preSolution
		Debug|Any CPU = Debug|Any CPU
		Release|Any CPU = Release|Any CPU
	EndGlobalSection
	GlobalSection(ProjectConfigurationPlatforms) = postSolution
		{A871249D-9A09-4A7C-9738-9376FAC08721}.Debug|Any CPU.ActiveCfg = Debug|Any CPU
		{A871249D-9A09-4A7C-9738-9376FAC08721}.Debug|Any CPU.Build.0 = Debug|Any CPU
		{A871249D-9A09-4A7C-9738-9376FAC08721}.Release|Any CPU.ActiveCfg = Release|Any CPU
		{A871249D-9A09-4A7C-9738-9376FAC08721}.Release|Any CPU.Build.0 = Release|Any CPU
	EndGlobalSection
EndGlobal
